
Microsoft Visual Studio Solution File, Format Version 12.00
# Visual Studio Version 17
VisualStudioVersion = 17.14.36429.23
MinimumVisualStudioVersion = 10.0.40219.1
Project("{FAE04EC0-301F-11D3-BF4B-00C04F79EFBC}") = "SemanticDocIngestor.Core", "src\sdk\SemanticDocIngestor.Core\SemanticDocIngestor.Core.csproj", "{54703720-B1E8-4A63-95B6-9E9A5B3E3CA5}"
EndProject
Project("{FAE04EC0-301F-11D3-BF4B-00C04F79EFBC}") = "SemanticDocIngestor.Domain", "src\sdk\SemanticDocIngestor.Abstractions\SemanticDocIngestor.Domain.csproj", "{A7FABA21-B019-44AB-AD01-40F8F97C31CD}"
EndProject
Project("{FAE04EC0-301F-11D3-BF4B-00C04F79EFBC}") = "SemanticDocIngestor.Persistence", "src\sdk\SemanticDocIngestor.Persistence\SemanticDocIngestor.Persistence.csproj", "{217909D0-CC8B-4A02-8CE9-D06611DDA3EA}"
EndProject
Project("{FAE04EC0-301F-11D3-BF4B-00C04F79EFBC}") = "SemanticDocIngestor.Middleware", "src\sdk\SemanticDocIngestor.Middleware\SemanticDocIngestor.Middleware.csproj", "{405C256E-7865-406C-8EBA-041A2863862A}"
EndProject
Project("{2150E333-8FDC-42A3-9474-1A3956D46DE8}") = "src", "src", "{02EA681E-C7D8-13C7-8484-4AC65E1B71E8}"
EndProject
Project("{2150E333-8FDC-42A3-9474-1A3956D46DE8}") = "solution", "solution", "{54B43900-9DD7-46E6-8090-23E9B690865B}"
	ProjectSection(SolutionItems) = preProject
		.gitattributes = .gitattributes
		.gitignore = .gitignore
		CODE_OF_CONDUCT.md = CODE_OF_CONDUCT.md
		CONTRIBUTING.md = CONTRIBUTING.md
		LICENSE = LICENSE
		logo-text.png = logo-text.png
		logo.png = logo.png
		nuget.config = nuget.config
		README.md = README.md
		SECURITY.md = SECURITY.md
		SUPPORT.md = SUPPORT.md
	EndProjectSection
EndProject
Project("{2150E333-8FDC-42A3-9474-1A3956D46DE8}") = "tests", "tests", "{0718D8AB-B625-4B41-B662-9A958F74AB37}"
EndProject
Project("{2150E333-8FDC-42A3-9474-1A3956D46DE8}") = "deployment", "deployment", "{C16F5C5B-40CA-496E-8199-1A62E68C0CC8}"
	ProjectSection(SolutionItems) = preProject
		deployment\Azure-Pipeline.yml = deployment\Azure-Pipeline.yml
		.github\workflows\nuget-packages.yml = .github\workflows\nuget-packages.yml
	EndProjectSection
EndProject
Project("{FAE04EC0-301F-11D3-BF4B-00C04F79EFBC}") = "SemanticDocIngestor.Extensions", "src\sdk\SemanticDocIngestor.Extensions\SemanticDocIngestor.Extensions.csproj", "{90725D82-D6AF-49CF-9E51-6952813AE9F8}"
EndProject
Project("{FAE04EC0-301F-11D3-BF4B-00C04F79EFBC}") = "SemanticDocIngestor.AppHost", "src\apps\SemanticDocIngestor.AppHost.AppHost\SemanticDocIngestor.AppHost.csproj", "{08A2EB39-FE00-4354-8106-5BECF6397D7B}"
EndProject
Project("{FAE04EC0-301F-11D3-BF4B-00C04F79EFBC}") = "SemanticDocIngestor.AppHost.ServiceDefaults", "src\apps\SemanticDocIngestor.AppHost.ServiceDefaults\SemanticDocIngestor.AppHost.ServiceDefaults.csproj", "{9C2DB396-1970-10BD-73D1-220222949B80}"
EndProject
Project("{FAE04EC0-301F-11D3-BF4B-00C04F79EFBC}") = "SemanticDocIngestor.AppHost.ApiService", "src\apps\SemanticDocIngestor.AppHost.ApiService\SemanticDocIngestor.AppHost.ApiService.csproj", "{8705EE36-06E6-16B0-28B3-48FA5810FB20}"
EndProject
Project("{FAE04EC0-301F-11D3-BF4B-00C04F79EFBC}") = "SemanticDocIngestor.AppHost.BlazorUI", "src\apps\SemanticDocIngestor.AppHost.BlazorUI\SemanticDocIngestor.AppHost.BlazorUI.csproj", "{D950AFEE-3F0E-36E1-C227-4718498D0EAB}"
EndProject
Project("{FAE04EC0-301F-11D3-BF4B-00C04F79EFBC}") = "SemanticDocIngestor.AppHost.Tests", "tests\SemanticDocIngestor.AppHost.Tests\SemanticDocIngestor.AppHost.Tests.csproj", "{1DC4059D-93C8-2326-0A14-ED48EAA22CCF}"
EndProject
Project("{2150E333-8FDC-42A3-9474-1A3956D46DE8}") = "sdk", "sdk", "{CC7DF785-1F17-46F7-A27C-9A5472E4E2AA}"
EndProject
Project("{2150E333-8FDC-42A3-9474-1A3956D46DE8}") = "app", "app", "{A78D7B80-3C85-4B90-B881-0186FBB0E89E}"
EndProject
Global
	GlobalSection(SolutionConfigurationPlatforms) = preSolution
		Debug|Any CPU = Debug|Any CPU
		Release|Any CPU = Release|Any CPU
	EndGlobalSection
	GlobalSection(ProjectConfigurationPlatforms) = postSolution
		{54703720-B1E8-4A63-95B6-9E9A5B3E3CA5}.Debug|Any CPU.ActiveCfg = Debug|Any CPU
		{54703720-B1E8-4A63-95B6-9E9A5B3E3CA5}.Debug|Any CPU.Build.0 = Debug|Any CPU
		{54703720-B1E8-4A63-95B6-9E9A5B3E3CA5}.Release|Any CPU.ActiveCfg = Release|Any CPU
		{54703720-B1E8-4A63-95B6-9E9A5B3E3CA5}.Release|Any CPU.Build.0 = Release|Any CPU
		{A7FABA21-B019-44AB-AD01-40F8F97C31CD}.Debug|Any CPU.ActiveCfg = Debug|Any CPU
		{A7FABA21-B019-44AB-AD01-40F8F97C31CD}.Debug|Any CPU.Build.0 = Debug|Any CPU
		{A7FABA21-B019-44AB-AD01-40F8F97C31CD}.Release|Any CPU.ActiveCfg = Release|Any CPU
		{A7FABA21-B019-44AB-AD01-40F8F97C31CD}.Release|Any CPU.Build.0 = Release|Any CPU
		{217909D0-CC8B-4A02-8CE9-D06611DDA3EA}.Debug|Any CPU.ActiveCfg = Debug|Any CPU
		{217909D0-CC8B-4A02-8CE9-D06611DDA3EA}.Debug|Any CPU.Build.0 = Debug|Any CPU
		{217909D0-CC8B-4A02-8CE9-D06611DDA3EA}.Release|Any CPU.ActiveCfg = Release|Any CPU
		{217909D0-CC8B-4A02-8CE9-D06611DDA3EA}.Release|Any CPU.Build.0 = Release|Any CPU
		{405C256E-7865-406C-8EBA-041A2863862A}.Debug|Any CPU.ActiveCfg = Debug|Any CPU
		{405C256E-7865-406C-8EBA-041A2863862A}.Debug|Any CPU.Build.0 = Debug|Any CPU
		{405C256E-7865-406C-8EBA-041A2863862A}.Release|Any CPU.ActiveCfg = Release|Any CPU
		{405C256E-7865-406C-8EBA-041A2863862A}.Release|Any CPU.Build.0 = Release|Any CPU
		{90725D82-D6AF-49CF-9E51-6952813AE9F8}.Debug|Any CPU.ActiveCfg = Debug|Any CPU
		{90725D82-D6AF-49CF-9E51-6952813AE9F8}.Debug|Any CPU.Build.0 = Debug|Any CPU
		{90725D82-D6AF-49CF-9E51-6952813AE9F8}.Release|Any CPU.ActiveCfg = Release|Any CPU
		{90725D82-D6AF-49CF-9E51-6952813AE9F8}.Release|Any CPU.Build.0 = Release|Any CPU
		{08A2EB39-FE00-4354-8106-5BECF6397D7B}.Debug|Any CPU.ActiveCfg = Debug|Any CPU
		{08A2EB39-FE00-4354-8106-5BECF6397D7B}.Debug|Any CPU.Build.0 = Debug|Any CPU
		{08A2EB39-FE00-4354-8106-5BECF6397D7B}.Release|Any CPU.ActiveCfg = Release|Any CPU
		{08A2EB39-FE00-4354-8106-5BECF6397D7B}.Release|Any CPU.Build.0 = Release|Any CPU
		{9C2DB396-1970-10BD-73D1-220222949B80}.Debug|Any CPU.ActiveCfg = Debug|Any CPU
		{9C2DB396-1970-10BD-73D1-220222949B80}.Debug|Any CPU.Build.0 = Debug|Any CPU
		{9C2DB396-1970-10BD-73D1-220222949B80}.Release|Any CPU.ActiveCfg = Release|Any CPU
		{9C2DB396-1970-10BD-73D1-220222949B80}.Release|Any CPU.Build.0 = Release|Any CPU
		{8705EE36-06E6-16B0-28B3-48FA5810FB20}.Debug|Any CPU.ActiveCfg = Debug|Any CPU
		{8705EE36-06E6-16B0-28B3-48FA5810FB20}.Debug|Any CPU.Build.0 = Debug|Any CPU
		{8705EE36-06E6-16B0-28B3-48FA5810FB20}.Release|Any CPU.ActiveCfg = Release|Any CPU
		{8705EE36-06E6-16B0-28B3-48FA5810FB20}.Release|Any CPU.Build.0 = Release|Any CPU
		{D950AFEE-3F0E-36E1-C227-4718498D0EAB}.Debug|Any CPU.ActiveCfg = Debug|Any CPU
		{D950AFEE-3F0E-36E1-C227-4718498D0EAB}.Debug|Any CPU.Build.0 = Debug|Any CPU
		{D950AFEE-3F0E-36E1-C227-4718498D0EAB}.Release|Any CPU.ActiveCfg = Release|Any CPU
		{D950AFEE-3F0E-36E1-C227-4718498D0EAB}.Release|Any CPU.Build.0 = Release|Any CPU
		{1DC4059D-93C8-2326-0A14-ED48EAA22CCF}.Debug|Any CPU.ActiveCfg = Debug|Any CPU
		{1DC4059D-93C8-2326-0A14-ED48EAA22CCF}.Debug|Any CPU.Build.0 = Debug|Any CPU
		{1DC4059D-93C8-2326-0A14-ED48EAA22CCF}.Release|Any CPU.ActiveCfg = Release|Any CPU
		{1DC4059D-93C8-2326-0A14-ED48EAA22CCF}.Release|Any CPU.Build.0 = Release|Any CPU
	EndGlobalSection
	GlobalSection(SolutionProperties) = preSolution
		HideSolutionNode = FALSE
	EndGlobalSection
	GlobalSection(NestedProjects) = preSolution
		{54703720-B1E8-4A63-95B6-9E9A5B3E3CA5} = {CC7DF785-1F17-46F7-A27C-9A5472E4E2AA}
		{A7FABA21-B019-44AB-AD01-40F8F97C31CD} = {CC7DF785-1F17-46F7-A27C-9A5472E4E2AA}
		{217909D0-CC8B-4A02-8CE9-D06611DDA3EA} = {CC7DF785-1F17-46F7-A27C-9A5472E4E2AA}
		{405C256E-7865-406C-8EBA-041A2863862A} = {CC7DF785-1F17-46F7-A27C-9A5472E4E2AA}
		{90725D82-D6AF-49CF-9E51-6952813AE9F8} = {CC7DF785-1F17-46F7-A27C-9A5472E4E2AA}
		{08A2EB39-FE00-4354-8106-5BECF6397D7B} = {A78D7B80-3C85-4B90-B881-0186FBB0E89E}
		{9C2DB396-1970-10BD-73D1-220222949B80} = {A78D7B80-3C85-4B90-B881-0186FBB0E89E}
		{8705EE36-06E6-16B0-28B3-48FA5810FB20} = {A78D7B80-3C85-4B90-B881-0186FBB0E89E}
		{D950AFEE-3F0E-36E1-C227-4718498D0EAB} = {A78D7B80-3C85-4B90-B881-0186FBB0E89E}
		{1DC4059D-93C8-2326-0A14-ED48EAA22CCF} = {0718D8AB-B625-4B41-B662-9A958F74AB37}
		{CC7DF785-1F17-46F7-A27C-9A5472E4E2AA} = {02EA681E-C7D8-13C7-8484-4AC65E1B71E8}
		{A78D7B80-3C85-4B90-B881-0186FBB0E89E} = {02EA681E-C7D8-13C7-8484-4AC65E1B71E8}
	EndGlobalSection
	GlobalSection(ExtensibilityGlobals) = postSolution
		SolutionGuid = {C33304F0-2F6C-4F78-8BAD-7325098575CA}
	EndGlobalSection
EndGlobal
